
Microsoft Visual Studio Solution File, Format Version 12.00
# Visual Studio Version 16
VisualStudioVersion = 16.0.31727.386
MinimumVisualStudioVersion = 10.0.40219.1
Project("{8BC9CEB8-8B4A-11D0-8D11-00A0C91BC942}") = "Problem1", "Problem1\Problem1.vcxproj", "{1CA66097-47FB-408D-8653-930375B1D43E}"
EndProject
Project("{8BC9CEB8-8B4A-11D0-8D11-00A0C91BC942}") = "Problem2", "Problem2\Problem2.vcxproj", "{49A3B918-F580-4BCD-88BA-D3F496625990}"
EndProject
Project("{8BC9CEB8-8B4A-11D0-8D11-00A0C91BC942}") = "Input-Output-1", "Input-Output-1\Input-Output-1.vcxproj", "{4120029E-D82C-4A55-BDD2-1801BC3B6822}"
EndProject
Project("{8BC9CEB8-8B4A-11D0-8D11-00A0C91BC942}") = "Input-Output-5", "Input-Output-5\Input-Output-5.vcxproj", "{9169A71E-112E-4021-B0B7-217ABAFB92DD}"
EndProject
Project("{8BC9CEB8-8B4A-11D0-8D11-00A0C91BC942}") = "Input-Output-6", "Input-Output-6\Input-Output-6.vcxproj", "{5B4B7954-4C18-4003-A835-AFEDFF299141}"
EndProject
Project("{8BC9CEB8-8B4A-11D0-8D11-00A0C91BC942}") = "Input-Output-7", "Input-Output-7\Input-Output-7.vcxproj", "{98171A60-F41F-48F2-B8C2-66065C0174DA}"
EndProject
Project("{8BC9CEB8-8B4A-11D0-8D11-00A0C91BC942}") = "Input-Output-8", "Input-Output-8\Input-Output-8.vcxproj", "{E61C4F73-0583-47E4-8998-ABEF40DAE1F9}"
EndProject
Project("{8BC9CEB8-8B4A-11D0-8D11-00A0C91BC942}") = "Input-Output-9", "Input-Output-9\Input-Output-9.vcxproj", "{1770EA90-1373-45BD-8D08-FF92C04647C3}"
EndProject
Project("{8BC9CEB8-8B4A-11D0-8D11-00A0C91BC942}") = "Input-Output-10", "Input-Output-10\Input-Output-10.vcxproj", "{6EDA445D-92ED-4F8B-8524-25E633F005EF}"
EndProject
Project("{8BC9CEB8-8B4A-11D0-8D11-00A0C91BC942}") = "Input-Output-11", "Input-Output-11\Input-Output-11.vcxproj", "{1458362E-9486-49FB-B938-E1E2620F2909}"
EndProject
Project("{8BC9CEB8-8B4A-11D0-8D11-00A0C91BC942}") = "Input-Output-12", "Input-Output-12\Input-Output-12.vcxproj", "{39C542A8-3E50-46AB-902D-F15B1ADD9338}"
EndProject
Project("{8BC9CEB8-8B4A-11D0-8D11-00A0C91BC942}") = "Input-Output-13", "Input-Output-13\Input-Output-13.vcxproj", "{2A334420-F6B4-4AA7-BD20-8A57014D2356}"
EndProject
Project("{8BC9CEB8-8B4A-11D0-8D11-00A0C91BC942}") = "Input-Output-14", "Input-Output-14\Input-Output-14.vcxproj", "{25E3487E-E903-42D8-A0C1-2FE73FB51AB5}"
EndProject
Global
	GlobalSection(SolutionConfigurationPlatforms) = preSolution
		Debug|x64 = Debug|x64
		Debug|x86 = Debug|x86
		Release|x64 = Release|x64
		Release|x86 = Release|x86
	EndGlobalSection
	GlobalSection(ProjectConfigurationPlatforms) = postSolution
		{1CA66097-47FB-408D-8653-930375B1D43E}.Debug|x64.ActiveCfg = Debug|x64
		{1CA66097-47FB-408D-8653-930375B1D43E}.Debug|x64.Build.0 = Debug|x64
		{1CA66097-47FB-408D-8653-930375B1D43E}.Debug|x86.ActiveCfg = Debug|Win32
		{1CA66097-47FB-408D-8653-930375B1D43E}.Debug|x86.Build.0 = Debug|Win32
		{1CA66097-47FB-408D-8653-930375B1D43E}.Release|x64.ActiveCfg = Release|x64
		{1CA66097-47FB-408D-8653-930375B1D43E}.Release|x64.Build.0 = Release|x64
		{1CA66097-47FB-408D-8653-930375B1D43E}.Release|x86.ActiveCfg = Release|Win32
		{1CA66097-47FB-408D-8653-930375B1D43E}.Release|x86.Build.0 = Release|Win32
		{49A3B918-F580-4BCD-88BA-D3F496625990}.Debug|x64.ActiveCfg = Debug|x64
		{49A3B918-F580-4BCD-88BA-D3F496625990}.Debug|x64.Build.0 = Debug|x64
		{49A3B918-F580-4BCD-88BA-D3F496625990}.Debug|x86.ActiveCfg = Debug|Win32
		{49A3B918-F580-4BCD-88BA-D3F496625990}.Debug|x86.Build.0 = Debug|Win32
		{49A3B918-F580-4BCD-88BA-D3F496625990}.Release|x64.ActiveCfg = Release|x64
		{49A3B918-F580-4BCD-88BA-D3F496625990}.Release|x64.Build.0 = Release|x64
		{49A3B918-F580-4BCD-88BA-D3F496625990}.Release|x86.ActiveCfg = Release|Win32
		{49A3B918-F580-4BCD-88BA-D3F496625990}.Release|x86.Build.0 = Release|Win32
		{4120029E-D82C-4A55-BDD2-1801BC3B6822}.Debug|x64.ActiveCfg = Debug|x64
		{4120029E-D82C-4A55-BDD2-1801BC3B6822}.Debug|x64.Build.0 = Debug|x64
		{4120029E-D82C-4A55-BDD2-1801BC3B6822}.Debug|x86.ActiveCfg = Debug|Win32
		{4120029E-D82C-4A55-BDD2-1801BC3B6822}.Debug|x86.Build.0 = Debug|Win32
		{4120029E-D82C-4A55-BDD2-1801BC3B6822}.Release|x64.ActiveCfg = Release|x64
		{4120029E-D82C-4A55-BDD2-1801BC3B6822}.Release|x64.Build.0 = Release|x64
		{4120029E-D82C-4A55-BDD2-1801BC3B6822}.Release|x86.ActiveCfg = Release|Win32
		{4120029E-D82C-4A55-BDD2-1801BC3B6822}.Release|x86.Build.0 = Release|Win32
		{9169A71E-112E-4021-B0B7-217ABAFB92DD}.Debug|x64.ActiveCfg = Debug|x64
		{9169A71E-112E-4021-B0B7-217ABAFB92DD}.Debug|x64.Build.0 = Debug|x64
		{9169A71E-112E-4021-B0B7-217ABAFB92DD}.Debug|x86.ActiveCfg = Debug|Win32
		{9169A71E-112E-4021-B0B7-217ABAFB92DD}.Debug|x86.Build.0 = Debug|Win32
		{9169A71E-112E-4021-B0B7-217ABAFB92DD}.Release|x64.ActiveCfg = Release|x64
		{9169A71E-112E-4021-B0B7-217ABAFB92DD}.Release|x64.Build.0 = Release|x64
		{9169A71E-112E-4021-B0B7-217ABAFB92DD}.Release|x86.ActiveCfg = Release|Win32
		{9169A71E-112E-4021-B0B7-217ABAFB92DD}.Release|x86.Build.0 = Release|Win32
		{5B4B7954-4C18-4003-A835-AFEDFF299141}.Debug|x64.ActiveCfg = Debug|x64
		{5B4B7954-4C18-4003-A835-AFEDFF299141}.Debug|x64.Build.0 = Debug|x64
		{5B4B7954-4C18-4003-A835-AFEDFF299141}.Debug|x86.ActiveCfg = Debug|Win32
		{5B4B7954-4C18-4003-A835-AFEDFF299141}.Debug|x86.Build.0 = Debug|Win32
		{5B4B7954-4C18-4003-A835-AFEDFF299141}.Release|x64.ActiveCfg = Release|x64
		{5B4B7954-4C18-4003-A835-AFEDFF299141}.Release|x64.Build.0 = Release|x64
		{5B4B7954-4C18-4003-A835-AFEDFF299141}.Release|x86.ActiveCfg = Release|Win32
		{5B4B7954-4C18-4003-A835-AFEDFF299141}.Release|x86.Build.0 = Release|Win32
		{98171A60-F41F-48F2-B8C2-66065C0174DA}.Debug|x64.ActiveCfg = Debug|x64
		{98171A60-F41F-48F2-B8C2-66065C0174DA}.Debug|x64.Build.0 = Debug|x64
		{98171A60-F41F-48F2-B8C2-66065C0174DA}.Debug|x86.ActiveCfg = Debug|Win32
		{98171A60-F41F-48F2-B8C2-66065C0174DA}.Debug|x86.Build.0 = Debug|Win32
		{98171A60-F41F-48F2-B8C2-66065C0174DA}.Release|x64.ActiveCfg = Release|x64
		{98171A60-F41F-48F2-B8C2-66065C0174DA}.Release|x64.Build.0 = Release|x64
		{98171A60-F41F-48F2-B8C2-66065C0174DA}.Release|x86.ActiveCfg = Release|Win32
		{98171A60-F41F-48F2-B8C2-66065C0174DA}.Release|x86.Build.0 = Release|Win32
		{E61C4F73-0583-47E4-8998-ABEF40DAE1F9}.Debug|x64.ActiveCfg = Debug|x64
		{E61C4F73-0583-47E4-8998-ABEF40DAE1F9}.Debug|x64.Build.0 = Debug|x64
		{E61C4F73-0583-47E4-8998-ABEF40DAE1F9}.Debug|x86.ActiveCfg = Debug|Win32
		{E61C4F73-0583-47E4-8998-ABEF40DAE1F9}.Debug|x86.Build.0 = Debug|Win32
		{E61C4F73-0583-47E4-8998-ABEF40DAE1F9}.Release|x64.ActiveCfg = Release|x64
		{E61C4F73-0583-47E4-8998-ABEF40DAE1F9}.Release|x64.Build.0 = Release|x64
		{E61C4F73-0583-47E4-8998-ABEF40DAE1F9}.Release|x86.ActiveCfg = Release|Win32
		{E61C4F73-0583-47E4-8998-ABEF40DAE1F9}.Release|x86.Build.0 = Release|Win32
		{1770EA90-1373-45BD-8D08-FF92C04647C3}.Debug|x64.ActiveCfg = Debug|x64
		{1770EA90-1373-45BD-8D08-FF92C04647C3}.Debug|x64.Build.0 = Debug|x64
		{1770EA90-1373-45BD-8D08-FF92C04647C3}.Debug|x86.ActiveCfg = Debug|Win32
		{1770EA90-1373-45BD-8D08-FF92C04647C3}.Debug|x86.Build.0 = Debug|Win32
		{1770EA90-1373-45BD-8D08-FF92C04647C3}.Release|x64.ActiveCfg = Release|x64
		{1770EA90-1373-45BD-8D08-FF92C04647C3}.Release|x64.Build.0 = Release|x64
		{1770EA90-1373-45BD-8D08-FF92C04647C3}.Release|x86.ActiveCfg = Release|Win32
		{1770EA90-1373-45BD-8D08-FF92C04647C3}.Release|x86.Build.0 = Release|Win32
		{6EDA445D-92ED-4F8B-8524-25E633F005EF}.Debug|x64.ActiveCfg = Debug|x64
		{6EDA445D-92ED-4F8B-8524-25E633F005EF}.Debug|x64.Build.0 = Debug|x64
		{6EDA445D-92ED-4F8B-8524-25E633F005EF}.Debug|x86.ActiveCfg = Debug|Win32
		{6EDA445D-92ED-4F8B-8524-25E633F005EF}.Debug|x86.Build.0 = Debug|Win32
		{6EDA445D-92ED-4F8B-8524-25E633F005EF}.Release|x64.ActiveCfg = Release|x64
		{6EDA445D-92ED-4F8B-8524-25E633F005EF}.Release|x64.Build.0 = Release|x64
		{6EDA445D-92ED-4F8B-8524-25E633F005EF}.Release|x86.ActiveCfg = Release|Win32
		{6EDA445D-92ED-4F8B-8524-25E633F005EF}.Release|x86.Build.0 = Release|Win32
		{1458362E-9486-49FB-B938-E1E2620F2909}.Debug|x64.ActiveCfg = Debug|x64
		{1458362E-9486-49FB-B938-E1E2620F2909}.Debug|x64.Build.0 = Debug|x64
		{1458362E-9486-49FB-B938-E1E2620F2909}.Debug|x86.ActiveCfg = Debug|Win32
		{1458362E-9486-49FB-B938-E1E2620F2909}.Debug|x86.Build.0 = Debug|Win32
		{1458362E-9486-49FB-B938-E1E2620F2909}.Release|x64.ActiveCfg = Release|x64
		{1458362E-9486-49FB-B938-E1E2620F2909}.Release|x64.Build.0 = Release|x64
		{1458362E-9486-49FB-B938-E1E2620F2909}.Release|x86.ActiveCfg = Release|Win32
		{1458362E-9486-49FB-B938-E1E2620F2909}.Release|x86.Build.0 = Release|Win32
		{39C542A8-3E50-46AB-902D-F15B1ADD9338}.Debug|x64.ActiveCfg = Debug|x64
		{39C542A8-3E50-46AB-902D-F15B1ADD9338}.Debug|x64.Build.0 = Debug|x64
		{39C542A8-3E50-46AB-902D-F15B1ADD9338}.Debug|x86.ActiveCfg = Debug|Win32
		{39C542A8-3E50-46AB-902D-F15B1ADD9338}.Debug|x86.Build.0 = Debug|Win32
		{39C542A8-3E50-46AB-902D-F15B1ADD9338}.Release|x64.ActiveCfg = Release|x64
		{39C542A8-3E50-46AB-902D-F15B1ADD9338}.Release|x64.Build.0 = Release|x64
		{39C542A8-3E50-46AB-902D-F15B1ADD9338}.Release|x86.ActiveCfg = Release|Win32
		{39C542A8-3E50-46AB-902D-F15B1ADD9338}.Release|x86.Build.0 = Release|Win32
		{2A334420-F6B4-4AA7-BD20-8A57014D2356}.Debug|x64.ActiveCfg = Debug|x64
		{2A334420-F6B4-4AA7-BD20-8A57014D2356}.Debug|x64.Build.0 = Debug|x64
		{2A334420-F6B4-4AA7-BD20-8A57014D2356}.Debug|x86.ActiveCfg = Debug|Win32
		{2A334420-F6B4-4AA7-BD20-8A57014D2356}.Debug|x86.Build.0 = Debug|Win32
		{2A334420-F6B4-4AA7-BD20-8A57014D2356}.Release|x64.ActiveCfg = Release|x64
		{2A334420-F6B4-4AA7-BD20-8A57014D2356}.Release|x64.Build.0 = Release|x64
		{2A334420-F6B4-4AA7-BD20-8A57014D2356}.Release|x86.ActiveCfg = Release|Win32
		{2A334420-F6B4-4AA7-BD20-8A57014D2356}.Release|x86.Build.0 = Release|Win32
		{25E3487E-E903-42D8-A0C1-2FE73FB51AB5}.Debug|x64.ActiveCfg = Debug|x64
		{25E3487E-E903-42D8-A0C1-2FE73FB51AB5}.Debug|x64.Build.0 = Debug|x64
		{25E3487E-E903-42D8-A0C1-2FE73FB51AB5}.Debug|x86.ActiveCfg = Debug|Win32
		{25E3487E-E903-42D8-A0C1-2FE73FB51AB5}.Debug|x86.Build.0 = Debug|Win32
		{25E3487E-E903-42D8-A0C1-2FE73FB51AB5}.Release|x64.ActiveCfg = Release|x64
		{25E3487E-E903-42D8-A0C1-2FE73FB51AB5}.Release|x64.Build.0 = Release|x64
		{25E3487E-E903-42D8-A0C1-2FE73FB51AB5}.Release|x86.ActiveCfg = Release|Win32
		{25E3487E-E903-42D8-A0C1-2FE73FB51AB5}.Release|x86.Build.0 = Release|Win32
	EndGlobalSection
	GlobalSection(SolutionProperties) = preSolution
		HideSolutionNode = FALSE
	EndGlobalSection
	GlobalSection(ExtensibilityGlobals) = postSolution
		SolutionGuid = {8C588A6E-3CAC-438C-A0B0-8E306867970C}
	EndGlobalSection
EndGlobal
