
Microsoft Visual Studio Solution File, Format Version 12.00
# Visual Studio 2012
Project("{FAE04EC0-301F-11D3-BF4B-00C04F79EFBC}") = "Practice-01", "Practice-01\Practice-01.csproj", "{6D16770D-A890-4969-B7C1-10633ABF2136}"
EndProject
Global
	GlobalSection(SolutionConfigurationPlatforms) = preSolution
		Debug|Any CPU = Debug|Any CPU
		Release|Any CPU = Release|Any CPU
	EndGlobalSection
	GlobalSection(ProjectConfigurationPlatforms) = postSolution
		{6D16770D-A890-4969-B7C1-10633ABF2136}.Debug|Any CPU.ActiveCfg = Debug|Any CPU
		{6D16770D-A890-4969-B7C1-10633ABF2136}.Debug|Any CPU.Build.0 = Debug|Any CPU
		{6D16770D-A890-4969-B7C1-10633ABF2136}.Release|Any CPU.ActiveCfg = Release|Any CPU
		{6D16770D-A890-4969-B7C1-10633ABF2136}.Release|Any CPU.Build.0 = Release|Any CPU
	EndGlobalSection
	GlobalSection(SolutionProperties) = preSolution
		HideSolutionNode = FALSE
	EndGlobalSection
EndGlobal
