
Microsoft Visual Studio Solution File, Format Version 12.00
# Visual Studio 2012
Project("{FAE04EC0-301F-11D3-BF4B-00C04F79EFBC}") = "Lab-02", "Lab-02\Lab-02.csproj", "{32D05F7A-7248-47A9-A049-E1E2E2E5399C}"
EndProject
Global
	GlobalSection(SolutionConfigurationPlatforms) = preSolution
		Debug|Any CPU = Debug|Any CPU
		Release|Any CPU = Release|Any CPU
	EndGlobalSection
	GlobalSection(ProjectConfigurationPlatforms) = postSolution
		{32D05F7A-7248-47A9-A049-E1E2E2E5399C}.Debug|Any CPU.ActiveCfg = Debug|Any CPU
		{32D05F7A-7248-47A9-A049-E1E2E2E5399C}.Debug|Any CPU.Build.0 = Debug|Any CPU
		{32D05F7A-7248-47A9-A049-E1E2E2E5399C}.Release|Any CPU.ActiveCfg = Release|Any CPU
		{32D05F7A-7248-47A9-A049-E1E2E2E5399C}.Release|Any CPU.Build.0 = Release|Any CPU
	EndGlobalSection
	GlobalSection(SolutionProperties) = preSolution
		HideSolutionNode = FALSE
	EndGlobalSection
EndGlobal
