
Microsoft Visual Studio Solution File, Format Version 12.00
# Visual Studio Version 16
VisualStudioVersion = 16.0.31727.386
MinimumVisualStudioVersion = 10.0.40219.1
Project("{8BC9CEB8-8B4A-11D0-8D11-00A0C91BC942}") = "Sample-1", "Sample-1\Sample-1.vcxproj", "{FE561343-6F95-4750-8D2E-CC58C0DED619}"
EndProject
Project("{8BC9CEB8-8B4A-11D0-8D11-00A0C91BC942}") = "Sample-2", "Sample-2\Sample-2.vcxproj", "{E2F0E6FE-A70F-4BDE-89F7-442C872959F2}"
EndProject
Project("{8BC9CEB8-8B4A-11D0-8D11-00A0C91BC942}") = "Sample-3", "Sample-3\Sample-3.vcxproj", "{5C1BB5C1-637F-4368-9C2C-1BE945F8EA4B}"
EndProject
Project("{8BC9CEB8-8B4A-11D0-8D11-00A0C91BC942}") = "Sample-4", "Sample-4\Sample-4.vcxproj", "{3B9B5651-AC26-4DD9-BB6D-EB290C29EC60}"
EndProject
Global
	GlobalSection(SolutionConfigurationPlatforms) = preSolution
		Debug|x64 = Debug|x64
		Debug|x86 = Debug|x86
		Release|x64 = Release|x64
		Release|x86 = Release|x86
	EndGlobalSection
	GlobalSection(ProjectConfigurationPlatforms) = postSolution
		{FE561343-6F95-4750-8D2E-CC58C0DED619}.Debug|x64.ActiveCfg = Debug|x64
		{FE561343-6F95-4750-8D2E-CC58C0DED619}.Debug|x64.Build.0 = Debug|x64
		{FE561343-6F95-4750-8D2E-CC58C0DED619}.Debug|x86.ActiveCfg = Debug|Win32
		{FE561343-6F95-4750-8D2E-CC58C0DED619}.Debug|x86.Build.0 = Debug|Win32
		{FE561343-6F95-4750-8D2E-CC58C0DED619}.Release|x64.ActiveCfg = Release|x64
		{FE561343-6F95-4750-8D2E-CC58C0DED619}.Release|x64.Build.0 = Release|x64
		{FE561343-6F95-4750-8D2E-CC58C0DED619}.Release|x86.ActiveCfg = Release|Win32
		{FE561343-6F95-4750-8D2E-CC58C0DED619}.Release|x86.Build.0 = Release|Win32
		{E2F0E6FE-A70F-4BDE-89F7-442C872959F2}.Debug|x64.ActiveCfg = Debug|x64
		{E2F0E6FE-A70F-4BDE-89F7-442C872959F2}.Debug|x64.Build.0 = Debug|x64
		{E2F0E6FE-A70F-4BDE-89F7-442C872959F2}.Debug|x86.ActiveCfg = Debug|Win32
		{E2F0E6FE-A70F-4BDE-89F7-442C872959F2}.Debug|x86.Build.0 = Debug|Win32
		{E2F0E6FE-A70F-4BDE-89F7-442C872959F2}.Release|x64.ActiveCfg = Release|x64
		{E2F0E6FE-A70F-4BDE-89F7-442C872959F2}.Release|x64.Build.0 = Release|x64
		{E2F0E6FE-A70F-4BDE-89F7-442C872959F2}.Release|x86.ActiveCfg = Release|Win32
		{E2F0E6FE-A70F-4BDE-89F7-442C872959F2}.Release|x86.Build.0 = Release|Win32
		{5C1BB5C1-637F-4368-9C2C-1BE945F8EA4B}.Debug|x64.ActiveCfg = Debug|x64
		{5C1BB5C1-637F-4368-9C2C-1BE945F8EA4B}.Debug|x64.Build.0 = Debug|x64
		{5C1BB5C1-637F-4368-9C2C-1BE945F8EA4B}.Debug|x86.ActiveCfg = Debug|Win32
		{5C1BB5C1-637F-4368-9C2C-1BE945F8EA4B}.Debug|x86.Build.0 = Debug|Win32
		{5C1BB5C1-637F-4368-9C2C-1BE945F8EA4B}.Release|x64.ActiveCfg = Release|x64
		{5C1BB5C1-637F-4368-9C2C-1BE945F8EA4B}.Release|x64.Build.0 = Release|x64
		{5C1BB5C1-637F-4368-9C2C-1BE945F8EA4B}.Release|x86.ActiveCfg = Release|Win32
		{5C1BB5C1-637F-4368-9C2C-1BE945F8EA4B}.Release|x86.Build.0 = Release|Win32
		{3B9B5651-AC26-4DD9-BB6D-EB290C29EC60}.Debug|x64.ActiveCfg = Debug|x64
		{3B9B5651-AC26-4DD9-BB6D-EB290C29EC60}.Debug|x64.Build.0 = Debug|x64
		{3B9B5651-AC26-4DD9-BB6D-EB290C29EC60}.Debug|x86.ActiveCfg = Debug|Win32
		{3B9B5651-AC26-4DD9-BB6D-EB290C29EC60}.Debug|x86.Build.0 = Debug|Win32
		{3B9B5651-AC26-4DD9-BB6D-EB290C29EC60}.Release|x64.ActiveCfg = Release|x64
		{3B9B5651-AC26-4DD9-BB6D-EB290C29EC60}.Release|x64.Build.0 = Release|x64
		{3B9B5651-AC26-4DD9-BB6D-EB290C29EC60}.Release|x86.ActiveCfg = Release|Win32
		{3B9B5651-AC26-4DD9-BB6D-EB290C29EC60}.Release|x86.Build.0 = Release|Win32
	EndGlobalSection
	GlobalSection(SolutionProperties) = preSolution
		HideSolutionNode = FALSE
	EndGlobalSection
	GlobalSection(ExtensibilityGlobals) = postSolution
		SolutionGuid = {197A222D-54C0-4E5A-9A52-CADC0DCD571E}
	EndGlobalSection
EndGlobal
